
Microsoft Visual Studio Solution File, Format Version 12.00
# Visual Studio Version 16
VisualStudioVersion = 16.0.32413.511
MinimumVisualStudioVersion = 10.0.40219.1
Project("{FAE04EC0-301F-11D3-BF4B-00C04F79EFBC}") = "WpfAppTransparent", "WpfAppTransparent.csproj", "{048234D7-5370-40C0-8945-84F94397873B}"
EndProject
Global
	GlobalSection(SolutionConfigurationPlatforms) = preSolution
		Debug|Any CPU = Debug|Any CPU
		Release|Any CPU = Release|Any CPU
	EndGlobalSection
	GlobalSection(ProjectConfigurationPlatforms) = postSolution
		{048234D7-5370-40C0-8945-84F94397873B}.Debug|Any CPU.ActiveCfg = Debug|Any CPU
		{048234D7-5370-40C0-8945-84F94397873B}.Debug|Any CPU.Build.0 = Debug|Any CPU
		{048234D7-5370-40C0-8945-84F94397873B}.Release|Any CPU.ActiveCfg = Release|Any CPU
		{048234D7-5370-40C0-8945-84F94397873B}.Release|Any CPU.Build.0 = Release|Any CPU
	EndGlobalSection
	GlobalSection(SolutionProperties) = preSolution
		HideSolutionNode = FALSE
	EndGlobalSection
	GlobalSection(ExtensibilityGlobals) = postSolution
		SolutionGuid = {BE465A37-4893-489D-941F-68B8C08BE91C}
	EndGlobalSection
EndGlobal
